// !$*UTF8*$!
{
	archiveVersion = 1;
	classes = {
	};
	objectVersion = 55;
	objects = {

/* Begin PBXBuildFile section */
		1A22CD4628A261C9005F4BC6 /* RxViewController+Extension.swift in Sources */ = {isa = PBXBuildFile; fileRef = 1A22CD4528A261C9005F4BC6 /* RxViewController+Extension.swift */; };
		1A22CD4828A262A0005F4BC6 /* ObservableType+Extension.swift in Sources */ = {isa = PBXBuildFile; fileRef = 1A22CD4728A262A0005F4BC6 /* ObservableType+Extension.swift */; };
		1A47972928F32E3900CD00A3 /* UIImage+Extension.swift in Sources */ = {isa = PBXBuildFile; fileRef = 1A47972828F32E3900CD00A3 /* UIImage+Extension.swift */; };
		1A4D75A928F3F85C00C8C04C /* DetailViewController.swift in Sources */ = {isa = PBXBuildFile; fileRef = 1A4D75A828F3F85C00C8C04C /* DetailViewController.swift */; };
		1A4D75AB28F3F86200C8C04C /* DetailViewModel.swift in Sources */ = {isa = PBXBuildFile; fileRef = 1A4D75AA28F3F86200C8C04C /* DetailViewModel.swift */; };
		1A4D75AD28F3FE3400C8C04C /* ContentCell.swift in Sources */ = {isa = PBXBuildFile; fileRef = 1A4D75AC28F3FE3400C8C04C /* ContentCell.swift */; };
		1A4D75AF28F3FEC600C8C04C /* SNSContentCell.swift in Sources */ = {isa = PBXBuildFile; fileRef = 1A4D75AE28F3FEC600C8C04C /* SNSContentCell.swift */; };
		1A5DC71F2882AC54009CDEFD /* AccommodationModel.swift in Sources */ = {isa = PBXBuildFile; fileRef = 1A5DC71E2882AC54009CDEFD /* AccommodationModel.swift */; };
		1A5DC7212882AEA8009CDEFD /* PFObject+Extension.swift in Sources */ = {isa = PBXBuildFile; fileRef = 1A5DC7202882AEA8009CDEFD /* PFObject+Extension.swift */; };
		1A5DC7242882E800009CDEFD /* CompanyIntroduceModel.swift in Sources */ = {isa = PBXBuildFile; fileRef = 1A5DC7232882E800009CDEFD /* CompanyIntroduceModel.swift */; };
		1A5DE38828EAC16B0071A354 /* Colors.xcassets in Resources */ = {isa = PBXBuildFile; fileRef = 1A5DE38728EAC16B0071A354 /* Colors.xcassets */; };
		1A5DE38A28EAC17A0071A354 /* Images.xcassets in Resources */ = {isa = PBXBuildFile; fileRef = 1A5DE38928EAC17A0071A354 /* Images.xcassets */; };
		1A5DE38E28EAC7CB0071A354 /* swiftgen.yml in Resources */ = {isa = PBXBuildFile; fileRef = 1A5DE38D28EAC7CB0071A354 /* swiftgen.yml */; };
		1A5DE39C28EACCE50071A354 /* XCAssets+Generated.swift in Sources */ = {isa = PBXBuildFile; fileRef = 1A5DE39B28EACCE50071A354 /* XCAssets+Generated.swift */; };
		1A5DE39F28EDD6440071A354 /* ImageButton.swift in Sources */ = {isa = PBXBuildFile; fileRef = 1A5DE39E28EDD6440071A354 /* ImageButton.swift */; };
		1A66FF9F28EF11AD006506CD /* CustomNavigationView.swift in Sources */ = {isa = PBXBuildFile; fileRef = 1A66FF9E28EF11AD006506CD /* CustomNavigationView.swift */; };
		1A6CFF11287FF3A500AC8F39 /* AppDelegate.swift in Sources */ = {isa = PBXBuildFile; fileRef = 1A6CFF10287FF3A500AC8F39 /* AppDelegate.swift */; };
		1A6CFF13287FF3A500AC8F39 /* SceneDelegate.swift in Sources */ = {isa = PBXBuildFile; fileRef = 1A6CFF12287FF3A500AC8F39 /* SceneDelegate.swift */; };
		1A6CFF15287FF3A500AC8F39 /* HomeViewController.swift in Sources */ = {isa = PBXBuildFile; fileRef = 1A6CFF14287FF3A500AC8F39 /* HomeViewController.swift */; };
		1A6CFF1A287FF3A500AC8F39 /* Assets.xcassets in Resources */ = {isa = PBXBuildFile; fileRef = 1A6CFF19287FF3A500AC8F39 /* Assets.xcassets */; };
		1A6CFF28287FF3A500AC8F39 /* HalalKoreaTests.swift in Sources */ = {isa = PBXBuildFile; fileRef = 1A6CFF27287FF3A500AC8F39 /* HalalKoreaTests.swift */; };
		1A6CFF32287FF3A500AC8F39 /* HalalKoreaUITests.swift in Sources */ = {isa = PBXBuildFile; fileRef = 1A6CFF31287FF3A500AC8F39 /* HalalKoreaUITests.swift */; };
		1A6CFF34287FF3A500AC8F39 /* HalalKoreaUITestsLaunchTests.swift in Sources */ = {isa = PBXBuildFile; fileRef = 1A6CFF33287FF3A500AC8F39 /* HalalKoreaUITestsLaunchTests.swift */; };
		1A6CFF52288006AC00AC8F39 /* ParseService.swift in Sources */ = {isa = PBXBuildFile; fileRef = 1A6CFF51288006AC00AC8F39 /* ParseService.swift */; };
		1A6CFF5528800B3E00AC8F39 /* ParseConst.swift in Sources */ = {isa = PBXBuildFile; fileRef = 1A6CFF5428800B3E00AC8F39 /* ParseConst.swift */; };
		1AE2D4CB28E2E876002A7F32 /* Launch Screen.storyboard in Resources */ = {isa = PBXBuildFile; fileRef = 1AE2D4CA28E2E876002A7F32 /* Launch Screen.storyboard */; };
		1AE2D4E328E312D3002A7F32 /* KHalalViewModel.swift in Sources */ = {isa = PBXBuildFile; fileRef = 1AE2D4E228E312D3002A7F32 /* KHalalViewModel.swift */; };
		1AE2D4E528E312D9002A7F32 /* QiblaViewModel.swift in Sources */ = {isa = PBXBuildFile; fileRef = 1AE2D4E428E312D9002A7F32 /* QiblaViewModel.swift */; };
		1AE2D4E728E312E1002A7F32 /* LunchBoxViewModel.swift in Sources */ = {isa = PBXBuildFile; fileRef = 1AE2D4E628E312E1002A7F32 /* LunchBoxViewModel.swift */; };
		1AFBD5A9289D212800708661 /* KHalalViewController.swift in Sources */ = {isa = PBXBuildFile; fileRef = 1AFBD5A8289D212800708661 /* KHalalViewController.swift */; };
		1AFBD5AB289D214900708661 /* QiblaViewController.swift in Sources */ = {isa = PBXBuildFile; fileRef = 1AFBD5AA289D214900708661 /* QiblaViewController.swift */; };
		1AFBD5AD289D215600708661 /* LunchBoxViewController.swift in Sources */ = {isa = PBXBuildFile; fileRef = 1AFBD5AC289D215600708661 /* LunchBoxViewController.swift */; };
		1AFBD5B8289D2F4100708661 /* UIColor+Extention.swift in Sources */ = {isa = PBXBuildFile; fileRef = 1AFBD5B7289D2F4100708661 /* UIColor+Extention.swift */; };
		1AFBD5C4289D8BDF00708661 /* HomeViewModel.swift in Sources */ = {isa = PBXBuildFile; fileRef = 1AFBD5C3289D8BDF00708661 /* HomeViewModel.swift */; };
		5CB6B12CE64BF6FAB52A6B86 /* Pods_HalalKorea_HalalKoreaUITests.framework in Frameworks */ = {isa = PBXBuildFile; fileRef = 825E3ACB31EA0CAAB2D7C447 /* Pods_HalalKorea_HalalKoreaUITests.framework */; };
		9BDF0EC8657F3DC58010AF16 /* Pods_HalalKorea.framework in Frameworks */ = {isa = PBXBuildFile; fileRef = 650B9CADB2B443CD5F8ECDE3 /* Pods_HalalKorea.framework */; };
		B1E5448C28EFDB7600846DD7 /* AccommodationViewController.swift in Sources */ = {isa = PBXBuildFile; fileRef = B1E5448B28EFDB7600846DD7 /* AccommodationViewController.swift */; };
		B1E5448E28EFDB8500846DD7 /* AccommodationViewModel.swift in Sources */ = {isa = PBXBuildFile; fileRef = B1E5448D28EFDB8500846DD7 /* AccommodationViewModel.swift */; };
		B1E5449128EFDC5400846DD7 /* ListCell.swift in Sources */ = {isa = PBXBuildFile; fileRef = B1E5449028EFDC5400846DD7 /* ListCell.swift */; };
		B1E5449328F0055300846DD7 /* CustomLabel.swift in Sources */ = {isa = PBXBuildFile; fileRef = B1E5449228F0055300846DD7 /* CustomLabel.swift */; };
		C13E28F33A1EDFFAC50C3219 /* Pods_HalalKoreaTests.framework in Frameworks */ = {isa = PBXBuildFile; fileRef = A3403C56C213E010AB4EAF5E /* Pods_HalalKoreaTests.framework */; };
/* End PBXBuildFile section */

/* Begin PBXContainerItemProxy section */
		1A6CFF24287FF3A500AC8F39 /* PBXContainerItemProxy */ = {
			isa = PBXContainerItemProxy;
			containerPortal = 1A6CFF05287FF3A500AC8F39 /* Project object */;
			proxyType = 1;
			remoteGlobalIDString = 1A6CFF0C287FF3A500AC8F39;
			remoteInfo = HalalKorea;
		};
		1A6CFF2E287FF3A500AC8F39 /* PBXContainerItemProxy */ = {
			isa = PBXContainerItemProxy;
			containerPortal = 1A6CFF05287FF3A500AC8F39 /* Project object */;
			proxyType = 1;
			remoteGlobalIDString = 1A6CFF0C287FF3A500AC8F39;
			remoteInfo = HalalKorea;
		};
/* End PBXContainerItemProxy section */

/* Begin PBXFileReference section */
		1555938E01142A262DB5DBBB /* Pods-HalalKoreaTests.release.xcconfig */ = {isa = PBXFileReference; includeInIndex = 1; lastKnownFileType = text.xcconfig; name = "Pods-HalalKoreaTests.release.xcconfig"; path = "Target Support Files/Pods-HalalKoreaTests/Pods-HalalKoreaTests.release.xcconfig"; sourceTree = "<group>"; };
		1A22CD4528A261C9005F4BC6 /* RxViewController+Extension.swift */ = {isa = PBXFileReference; lastKnownFileType = sourcecode.swift; path = "RxViewController+Extension.swift"; sourceTree = "<group>"; };
		1A22CD4728A262A0005F4BC6 /* ObservableType+Extension.swift */ = {isa = PBXFileReference; lastKnownFileType = sourcecode.swift; path = "ObservableType+Extension.swift"; sourceTree = "<group>"; };
		1A47972828F32E3900CD00A3 /* UIImage+Extension.swift */ = {isa = PBXFileReference; lastKnownFileType = sourcecode.swift; path = "UIImage+Extension.swift"; sourceTree = "<group>"; };
		1A4D75A828F3F85C00C8C04C /* DetailViewController.swift */ = {isa = PBXFileReference; lastKnownFileType = sourcecode.swift; path = DetailViewController.swift; sourceTree = "<group>"; };
		1A4D75AA28F3F86200C8C04C /* DetailViewModel.swift */ = {isa = PBXFileReference; lastKnownFileType = sourcecode.swift; path = DetailViewModel.swift; sourceTree = "<group>"; };
		1A4D75AC28F3FE3400C8C04C /* ContentCell.swift */ = {isa = PBXFileReference; lastKnownFileType = sourcecode.swift; path = ContentCell.swift; sourceTree = "<group>"; };
		1A4D75AE28F3FEC600C8C04C /* SNSContentCell.swift */ = {isa = PBXFileReference; lastKnownFileType = sourcecode.swift; path = SNSContentCell.swift; sourceTree = "<group>"; };
		1A5DC71E2882AC54009CDEFD /* AccommodationModel.swift */ = {isa = PBXFileReference; lastKnownFileType = sourcecode.swift; path = AccommodationModel.swift; sourceTree = "<group>"; };
		1A5DC7202882AEA8009CDEFD /* PFObject+Extension.swift */ = {isa = PBXFileReference; lastKnownFileType = sourcecode.swift; path = "PFObject+Extension.swift"; sourceTree = "<group>"; };
		1A5DC7232882E800009CDEFD /* CompanyIntroduceModel.swift */ = {isa = PBXFileReference; lastKnownFileType = sourcecode.swift; path = CompanyIntroduceModel.swift; sourceTree = "<group>"; };
		1A5DE38728EAC16B0071A354 /* Colors.xcassets */ = {isa = PBXFileReference; lastKnownFileType = folder.assetcatalog; path = Colors.xcassets; sourceTree = "<group>"; };
		1A5DE38928EAC17A0071A354 /* Images.xcassets */ = {isa = PBXFileReference; lastKnownFileType = folder.assetcatalog; path = Images.xcassets; sourceTree = "<group>"; };
		1A5DE38D28EAC7CB0071A354 /* swiftgen.yml */ = {isa = PBXFileReference; fileEncoding = 4; lastKnownFileType = text.yaml; path = swiftgen.yml; sourceTree = "<group>"; };
		1A5DE39B28EACCE50071A354 /* XCAssets+Generated.swift */ = {isa = PBXFileReference; fileEncoding = 4; lastKnownFileType = sourcecode.swift; path = "XCAssets+Generated.swift"; sourceTree = "<group>"; };
		1A5DE39E28EDD6440071A354 /* ImageButton.swift */ = {isa = PBXFileReference; lastKnownFileType = sourcecode.swift; path = ImageButton.swift; sourceTree = "<group>"; };
		1A66FF9E28EF11AD006506CD /* CustomNavigationView.swift */ = {isa = PBXFileReference; lastKnownFileType = sourcecode.swift; path = CustomNavigationView.swift; sourceTree = "<group>"; };
		1A6CFF0D287FF3A500AC8F39 /* HalalKorea.app */ = {isa = PBXFileReference; explicitFileType = wrapper.application; includeInIndex = 0; path = HalalKorea.app; sourceTree = BUILT_PRODUCTS_DIR; };
		1A6CFF10287FF3A500AC8F39 /* AppDelegate.swift */ = {isa = PBXFileReference; lastKnownFileType = sourcecode.swift; path = AppDelegate.swift; sourceTree = "<group>"; };
		1A6CFF12287FF3A500AC8F39 /* SceneDelegate.swift */ = {isa = PBXFileReference; lastKnownFileType = sourcecode.swift; path = SceneDelegate.swift; sourceTree = "<group>"; };
		1A6CFF14287FF3A500AC8F39 /* HomeViewController.swift */ = {isa = PBXFileReference; lastKnownFileType = sourcecode.swift; path = HomeViewController.swift; sourceTree = "<group>"; };
		1A6CFF19287FF3A500AC8F39 /* Assets.xcassets */ = {isa = PBXFileReference; lastKnownFileType = folder.assetcatalog; path = Assets.xcassets; sourceTree = "<group>"; };
		1A6CFF1E287FF3A500AC8F39 /* Info.plist */ = {isa = PBXFileReference; lastKnownFileType = text.plist.xml; path = Info.plist; sourceTree = "<group>"; };
		1A6CFF23287FF3A500AC8F39 /* HalalKoreaTests.xctest */ = {isa = PBXFileReference; explicitFileType = wrapper.cfbundle; includeInIndex = 0; path = HalalKoreaTests.xctest; sourceTree = BUILT_PRODUCTS_DIR; };
		1A6CFF27287FF3A500AC8F39 /* HalalKoreaTests.swift */ = {isa = PBXFileReference; lastKnownFileType = sourcecode.swift; path = HalalKoreaTests.swift; sourceTree = "<group>"; };
		1A6CFF2D287FF3A500AC8F39 /* HalalKoreaUITests.xctest */ = {isa = PBXFileReference; explicitFileType = wrapper.cfbundle; includeInIndex = 0; path = HalalKoreaUITests.xctest; sourceTree = BUILT_PRODUCTS_DIR; };
		1A6CFF31287FF3A500AC8F39 /* HalalKoreaUITests.swift */ = {isa = PBXFileReference; lastKnownFileType = sourcecode.swift; path = HalalKoreaUITests.swift; sourceTree = "<group>"; };
		1A6CFF33287FF3A500AC8F39 /* HalalKoreaUITestsLaunchTests.swift */ = {isa = PBXFileReference; lastKnownFileType = sourcecode.swift; path = HalalKoreaUITestsLaunchTests.swift; sourceTree = "<group>"; };
		1A6CFF51288006AC00AC8F39 /* ParseService.swift */ = {isa = PBXFileReference; lastKnownFileType = sourcecode.swift; path = ParseService.swift; sourceTree = "<group>"; };
		1A6CFF5428800B3E00AC8F39 /* ParseConst.swift */ = {isa = PBXFileReference; lastKnownFileType = sourcecode.swift; path = ParseConst.swift; sourceTree = "<group>"; };
		1AE2D4CA28E2E876002A7F32 /* Launch Screen.storyboard */ = {isa = PBXFileReference; lastKnownFileType = file.storyboard; path = "Launch Screen.storyboard"; sourceTree = "<group>"; };
		1AE2D4E228E312D3002A7F32 /* KHalalViewModel.swift */ = {isa = PBXFileReference; lastKnownFileType = sourcecode.swift; path = KHalalViewModel.swift; sourceTree = "<group>"; };
		1AE2D4E428E312D9002A7F32 /* QiblaViewModel.swift */ = {isa = PBXFileReference; lastKnownFileType = sourcecode.swift; path = QiblaViewModel.swift; sourceTree = "<group>"; };
		1AE2D4E628E312E1002A7F32 /* LunchBoxViewModel.swift */ = {isa = PBXFileReference; lastKnownFileType = sourcecode.swift; path = LunchBoxViewModel.swift; sourceTree = "<group>"; };
		1AFBD5A8289D212800708661 /* KHalalViewController.swift */ = {isa = PBXFileReference; lastKnownFileType = sourcecode.swift; path = KHalalViewController.swift; sourceTree = "<group>"; };
		1AFBD5AA289D214900708661 /* QiblaViewController.swift */ = {isa = PBXFileReference; lastKnownFileType = sourcecode.swift; path = QiblaViewController.swift; sourceTree = "<group>"; };
		1AFBD5AC289D215600708661 /* LunchBoxViewController.swift */ = {isa = PBXFileReference; lastKnownFileType = sourcecode.swift; path = LunchBoxViewController.swift; sourceTree = "<group>"; };
		1AFBD5B7289D2F4100708661 /* UIColor+Extention.swift */ = {isa = PBXFileReference; lastKnownFileType = sourcecode.swift; path = "UIColor+Extention.swift"; sourceTree = "<group>"; };
		1AFBD5C3289D8BDF00708661 /* HomeViewModel.swift */ = {isa = PBXFileReference; lastKnownFileType = sourcecode.swift; path = HomeViewModel.swift; sourceTree = "<group>"; };
		483DE6167F495DA410C58C5C /* Pods-HalalKorea.release.xcconfig */ = {isa = PBXFileReference; includeInIndex = 1; lastKnownFileType = text.xcconfig; name = "Pods-HalalKorea.release.xcconfig"; path = "Target Support Files/Pods-HalalKorea/Pods-HalalKorea.release.xcconfig"; sourceTree = "<group>"; };
		4C934A00FF662E687FBE5579 /* Pods-HalalKorea-HalalKoreaUITests.release.xcconfig */ = {isa = PBXFileReference; includeInIndex = 1; lastKnownFileType = text.xcconfig; name = "Pods-HalalKorea-HalalKoreaUITests.release.xcconfig"; path = "Target Support Files/Pods-HalalKorea-HalalKoreaUITests/Pods-HalalKorea-HalalKoreaUITests.release.xcconfig"; sourceTree = "<group>"; };
		61C0F1E376F607086AFB7EE1 /* Pods-HalalKoreaTests.debug.xcconfig */ = {isa = PBXFileReference; includeInIndex = 1; lastKnownFileType = text.xcconfig; name = "Pods-HalalKoreaTests.debug.xcconfig"; path = "Target Support Files/Pods-HalalKoreaTests/Pods-HalalKoreaTests.debug.xcconfig"; sourceTree = "<group>"; };
		650B9CADB2B443CD5F8ECDE3 /* Pods_HalalKorea.framework */ = {isa = PBXFileReference; explicitFileType = wrapper.framework; includeInIndex = 0; path = Pods_HalalKorea.framework; sourceTree = BUILT_PRODUCTS_DIR; };
		825E3ACB31EA0CAAB2D7C447 /* Pods_HalalKorea_HalalKoreaUITests.framework */ = {isa = PBXFileReference; explicitFileType = wrapper.framework; includeInIndex = 0; path = Pods_HalalKorea_HalalKoreaUITests.framework; sourceTree = BUILT_PRODUCTS_DIR; };
		A3403C56C213E010AB4EAF5E /* Pods_HalalKoreaTests.framework */ = {isa = PBXFileReference; explicitFileType = wrapper.framework; includeInIndex = 0; path = Pods_HalalKoreaTests.framework; sourceTree = BUILT_PRODUCTS_DIR; };
		AA5AF1A173FCB9AEEBBEF6BF /* Pods-HalalKorea.debug.xcconfig */ = {isa = PBXFileReference; includeInIndex = 1; lastKnownFileType = text.xcconfig; name = "Pods-HalalKorea.debug.xcconfig"; path = "Target Support Files/Pods-HalalKorea/Pods-HalalKorea.debug.xcconfig"; sourceTree = "<group>"; };
		B1E5448B28EFDB7600846DD7 /* AccommodationViewController.swift */ = {isa = PBXFileReference; lastKnownFileType = sourcecode.swift; path = AccommodationViewController.swift; sourceTree = "<group>"; };
		B1E5448D28EFDB8500846DD7 /* AccommodationViewModel.swift */ = {isa = PBXFileReference; lastKnownFileType = sourcecode.swift; path = AccommodationViewModel.swift; sourceTree = "<group>"; };
		B1E5449028EFDC5400846DD7 /* ListCell.swift */ = {isa = PBXFileReference; lastKnownFileType = sourcecode.swift; path = ListCell.swift; sourceTree = "<group>"; };
		B1E5449228F0055300846DD7 /* CustomLabel.swift */ = {isa = PBXFileReference; lastKnownFileType = sourcecode.swift; path = CustomLabel.swift; sourceTree = "<group>"; };
		CB73BAD5E3EDAAF11C45C6EE /* Pods-HalalKorea-HalalKoreaUITests.debug.xcconfig */ = {isa = PBXFileReference; includeInIndex = 1; lastKnownFileType = text.xcconfig; name = "Pods-HalalKorea-HalalKoreaUITests.debug.xcconfig"; path = "Target Support Files/Pods-HalalKorea-HalalKoreaUITests/Pods-HalalKorea-HalalKoreaUITests.debug.xcconfig"; sourceTree = "<group>"; };
/* End PBXFileReference section */

/* Begin PBXFrameworksBuildPhase section */
		1A6CFF0A287FF3A500AC8F39 /* Frameworks */ = {
			isa = PBXFrameworksBuildPhase;
			buildActionMask = 2147483647;
			files = (
				9BDF0EC8657F3DC58010AF16 /* Pods_HalalKorea.framework in Frameworks */,
			);
			runOnlyForDeploymentPostprocessing = 0;
		};
		1A6CFF20287FF3A500AC8F39 /* Frameworks */ = {
			isa = PBXFrameworksBuildPhase;
			buildActionMask = 2147483647;
			files = (
				C13E28F33A1EDFFAC50C3219 /* Pods_HalalKoreaTests.framework in Frameworks */,
			);
			runOnlyForDeploymentPostprocessing = 0;
		};
		1A6CFF2A287FF3A500AC8F39 /* Frameworks */ = {
			isa = PBXFrameworksBuildPhase;
			buildActionMask = 2147483647;
			files = (
				5CB6B12CE64BF6FAB52A6B86 /* Pods_HalalKorea_HalalKoreaUITests.framework in Frameworks */,
			);
			runOnlyForDeploymentPostprocessing = 0;
		};
/* End PBXFrameworksBuildPhase section */

/* Begin PBXGroup section */
		1A5DC7222882D9AA009CDEFD /* Models */ = {
			isa = PBXGroup;
			children = (
				1A5DC71E2882AC54009CDEFD /* AccommodationModel.swift */,
				1A5DC7232882E800009CDEFD /* CompanyIntroduceModel.swift */,
			);
			path = Models;
			sourceTree = "<group>";
		};
		1A5DE39A28EACCE50071A354 /* Generated */ = {
			isa = PBXGroup;
			children = (
				1A5DE39B28EACCE50071A354 /* XCAssets+Generated.swift */,
			);
			path = Generated;
			sourceTree = "<group>";
		};
		1A5DE39D28EDD62B0071A354 /* Custom Views */ = {
			isa = PBXGroup;
			children = (
				B1E5448F28EFDC3D00846DD7 /* Cells */,
				1A5DE39E28EDD6440071A354 /* ImageButton.swift */,
				1A66FF9E28EF11AD006506CD /* CustomNavigationView.swift */,
				B1E5449228F0055300846DD7 /* CustomLabel.swift */,
			);
			path = "Custom Views";
			sourceTree = "<group>";
		};
		1A6CFF04287FF3A500AC8F39 = {
			isa = PBXGroup;
			children = (
				1A5DE38D28EAC7CB0071A354 /* swiftgen.yml */,
				1A6CFF0F287FF3A500AC8F39 /* HalalKorea */,
				1A6CFF26287FF3A500AC8F39 /* HalalKoreaTests */,
				1A6CFF30287FF3A500AC8F39 /* HalalKoreaUITests */,
				1A6CFF0E287FF3A500AC8F39 /* Products */,
				35023DC5BD175925F96775A3 /* Pods */,
				B0AB7634F03D8E74E9966167 /* Frameworks */,
			);
			sourceTree = "<group>";
		};
		1A6CFF0E287FF3A500AC8F39 /* Products */ = {
			isa = PBXGroup;
			children = (
				1A6CFF0D287FF3A500AC8F39 /* HalalKorea.app */,
				1A6CFF23287FF3A500AC8F39 /* HalalKoreaTests.xctest */,
				1A6CFF2D287FF3A500AC8F39 /* HalalKoreaUITests.xctest */,
			);
			name = Products;
			sourceTree = "<group>";
		};
		1A6CFF0F287FF3A500AC8F39 /* HalalKorea */ = {
			isa = PBXGroup;
			children = (
				1A6CFF42287FF82500AC8F39 /* Apps */,
				1A6CFF48287FF85500AC8F39 /* Resources */,
				1A6CFF46287FF84300AC8F39 /* VIewControllers */,
				1A6CFF47287FF84800AC8F39 /* ViewModels */,
				1A5DE39D28EDD62B0071A354 /* Custom Views */,
				1A5DC7222882D9AA009CDEFD /* Models */,
				1A6CFF43287FF82A00AC8F39 /* Services */,
				1A6CFF4A287FF85E00AC8F39 /* Extensions */,
			);
			path = HalalKorea;
			sourceTree = "<group>";
		};
		1A6CFF26287FF3A500AC8F39 /* HalalKoreaTests */ = {
			isa = PBXGroup;
			children = (
				1A6CFF27287FF3A500AC8F39 /* HalalKoreaTests.swift */,
			);
			path = HalalKoreaTests;
			sourceTree = "<group>";
		};
		1A6CFF30287FF3A500AC8F39 /* HalalKoreaUITests */ = {
			isa = PBXGroup;
			children = (
				1A6CFF31287FF3A500AC8F39 /* HalalKoreaUITests.swift */,
				1A6CFF33287FF3A500AC8F39 /* HalalKoreaUITestsLaunchTests.swift */,
			);
			path = HalalKoreaUITests;
			sourceTree = "<group>";
		};
		1A6CFF42287FF82500AC8F39 /* Apps */ = {
			isa = PBXGroup;
			children = (
				1A6CFF10287FF3A500AC8F39 /* AppDelegate.swift */,
				1A6CFF12287FF3A500AC8F39 /* SceneDelegate.swift */,
				1AE2D4CA28E2E876002A7F32 /* Launch Screen.storyboard */,
			);
			path = Apps;
			sourceTree = "<group>";
		};
		1A6CFF43287FF82A00AC8F39 /* Services */ = {
			isa = PBXGroup;
			children = (
				1A6CFF5328800B3000AC8F39 /* Parse */,
			);
			path = Services;
			sourceTree = "<group>";
		};
		1A6CFF46287FF84300AC8F39 /* VIewControllers */ = {
			isa = PBXGroup;
			children = (
				1A6CFF14287FF3A500AC8F39 /* HomeViewController.swift */,
				1AFBD5A8289D212800708661 /* KHalalViewController.swift */,
				1AFBD5AA289D214900708661 /* QiblaViewController.swift */,
				1AFBD5AC289D215600708661 /* LunchBoxViewController.swift */,
				B1E5448B28EFDB7600846DD7 /* AccommodationViewController.swift */,
				1A4D75A828F3F85C00C8C04C /* DetailViewController.swift */,
			);
			name = VIewControllers;
			path = ViewControllers;
			sourceTree = "<group>";
		};
		1A6CFF47287FF84800AC8F39 /* ViewModels */ = {
			isa = PBXGroup;
			children = (
				1AFBD5C3289D8BDF00708661 /* HomeViewModel.swift */,
				1AE2D4E228E312D3002A7F32 /* KHalalViewModel.swift */,
				1AE2D4E428E312D9002A7F32 /* QiblaViewModel.swift */,
				1AE2D4E628E312E1002A7F32 /* LunchBoxViewModel.swift */,
				B1E5448D28EFDB8500846DD7 /* AccommodationViewModel.swift */,
				1A4D75AA28F3F86200C8C04C /* DetailViewModel.swift */,
			);
			path = ViewModels;
			sourceTree = "<group>";
		};
		1A6CFF48287FF85500AC8F39 /* Resources */ = {
			isa = PBXGroup;
			children = (
				1A5DE39A28EACCE50071A354 /* Generated */,
				1A6CFF19287FF3A500AC8F39 /* Assets.xcassets */,
				1A5DE38728EAC16B0071A354 /* Colors.xcassets */,
				1A5DE38928EAC17A0071A354 /* Images.xcassets */,
				1A6CFF1E287FF3A500AC8F39 /* Info.plist */,
			);
			path = Resources;
			sourceTree = "<group>";
		};
		1A6CFF4A287FF85E00AC8F39 /* Extensions */ = {
			isa = PBXGroup;
			children = (
				1A5DC7202882AEA8009CDEFD /* PFObject+Extension.swift */,
				1AFBD5B7289D2F4100708661 /* UIColor+Extention.swift */,
				1A22CD4528A261C9005F4BC6 /* RxViewController+Extension.swift */,
				1A22CD4728A262A0005F4BC6 /* ObservableType+Extension.swift */,
				1A47972828F32E3900CD00A3 /* UIImage+Extension.swift */,
			);
			path = Extensions;
			sourceTree = "<group>";
		};
		1A6CFF5328800B3000AC8F39 /* Parse */ = {
			isa = PBXGroup;
			children = (
				1A6CFF5428800B3E00AC8F39 /* ParseConst.swift */,
				1A6CFF51288006AC00AC8F39 /* ParseService.swift */,
			);
			path = Parse;
			sourceTree = "<group>";
		};
		35023DC5BD175925F96775A3 /* Pods */ = {
			isa = PBXGroup;
			children = (
				AA5AF1A173FCB9AEEBBEF6BF /* Pods-HalalKorea.debug.xcconfig */,
				483DE6167F495DA410C58C5C /* Pods-HalalKorea.release.xcconfig */,
				CB73BAD5E3EDAAF11C45C6EE /* Pods-HalalKorea-HalalKoreaUITests.debug.xcconfig */,
				4C934A00FF662E687FBE5579 /* Pods-HalalKorea-HalalKoreaUITests.release.xcconfig */,
				61C0F1E376F607086AFB7EE1 /* Pods-HalalKoreaTests.debug.xcconfig */,
				1555938E01142A262DB5DBBB /* Pods-HalalKoreaTests.release.xcconfig */,
			);
			path = Pods;
			sourceTree = "<group>";
		};
		B0AB7634F03D8E74E9966167 /* Frameworks */ = {
			isa = PBXGroup;
			children = (
				650B9CADB2B443CD5F8ECDE3 /* Pods_HalalKorea.framework */,
				825E3ACB31EA0CAAB2D7C447 /* Pods_HalalKorea_HalalKoreaUITests.framework */,
				A3403C56C213E010AB4EAF5E /* Pods_HalalKoreaTests.framework */,
			);
			name = Frameworks;
			sourceTree = "<group>";
		};
		B1E5448F28EFDC3D00846DD7 /* Cells */ = {
			isa = PBXGroup;
			children = (
				B1E5449028EFDC5400846DD7 /* ListCell.swift */,
				1A4D75AC28F3FE3400C8C04C /* ContentCell.swift */,
				1A4D75AE28F3FEC600C8C04C /* SNSContentCell.swift */,
			);
			path = Cells;
			sourceTree = "<group>";
		};
/* End PBXGroup section */

/* Begin PBXNativeTarget section */
		1A6CFF0C287FF3A500AC8F39 /* HalalKorea */ = {
			isa = PBXNativeTarget;
			buildConfigurationList = 1A6CFF37287FF3A500AC8F39 /* Build configuration list for PBXNativeTarget "HalalKorea" */;
			buildPhases = (
				08F3F9F8CC71E4F8410934B1 /* [CP] Check Pods Manifest.lock */,
				1A6CFF09287FF3A500AC8F39 /* Sources */,
				1A6CFF0A287FF3A500AC8F39 /* Frameworks */,
				1A6CFF0B287FF3A500AC8F39 /* Resources */,
				F85BEEDA82C1B5CA20A15D9E /* [CP] Embed Pods Frameworks */,
				1A5DE38628EAC1470071A354 /* SwiftGen */,
			);
			buildRules = (
			);
			dependencies = (
			);
			name = HalalKorea;
			productName = HalalKorea;
			productReference = 1A6CFF0D287FF3A500AC8F39 /* HalalKorea.app */;
			productType = "com.apple.product-type.application";
		};
		1A6CFF22287FF3A500AC8F39 /* HalalKoreaTests */ = {
			isa = PBXNativeTarget;
			buildConfigurationList = 1A6CFF3A287FF3A500AC8F39 /* Build configuration list for PBXNativeTarget "HalalKoreaTests" */;
			buildPhases = (
				DB028C0678C1E2942B5FB9F8 /* [CP] Check Pods Manifest.lock */,
				1A6CFF1F287FF3A500AC8F39 /* Sources */,
				1A6CFF20287FF3A500AC8F39 /* Frameworks */,
				1A6CFF21287FF3A500AC8F39 /* Resources */,
			);
			buildRules = (
			);
			dependencies = (
				1A6CFF25287FF3A500AC8F39 /* PBXTargetDependency */,
			);
			name = HalalKoreaTests;
			productName = HalalKoreaTests;
			productReference = 1A6CFF23287FF3A500AC8F39 /* HalalKoreaTests.xctest */;
			productType = "com.apple.product-type.bundle.unit-test";
		};
		1A6CFF2C287FF3A500AC8F39 /* HalalKoreaUITests */ = {
			isa = PBXNativeTarget;
			buildConfigurationList = 1A6CFF3D287FF3A500AC8F39 /* Build configuration list for PBXNativeTarget "HalalKoreaUITests" */;
			buildPhases = (
				07D64CE6353E9BCD384B944F /* [CP] Check Pods Manifest.lock */,
				1A6CFF29287FF3A500AC8F39 /* Sources */,
				1A6CFF2A287FF3A500AC8F39 /* Frameworks */,
				1A6CFF2B287FF3A500AC8F39 /* Resources */,
				3E4A974D19A2302FDD2C702D /* [CP] Embed Pods Frameworks */,
			);
			buildRules = (
			);
			dependencies = (
				1A6CFF2F287FF3A500AC8F39 /* PBXTargetDependency */,
			);
			name = HalalKoreaUITests;
			productName = HalalKoreaUITests;
			productReference = 1A6CFF2D287FF3A500AC8F39 /* HalalKoreaUITests.xctest */;
			productType = "com.apple.product-type.bundle.ui-testing";
		};
/* End PBXNativeTarget section */

/* Begin PBXProject section */
		1A6CFF05287FF3A500AC8F39 /* Project object */ = {
			isa = PBXProject;
			attributes = {
				BuildIndependentTargetsInParallel = 1;
				LastSwiftUpdateCheck = 1320;
				LastUpgradeCheck = 1320;
				TargetAttributes = {
					1A6CFF0C287FF3A500AC8F39 = {
						CreatedOnToolsVersion = 13.2.1;
					};
					1A6CFF22287FF3A500AC8F39 = {
						CreatedOnToolsVersion = 13.2.1;
						TestTargetID = 1A6CFF0C287FF3A500AC8F39;
					};
					1A6CFF2C287FF3A500AC8F39 = {
						CreatedOnToolsVersion = 13.2.1;
						TestTargetID = 1A6CFF0C287FF3A500AC8F39;
					};
				};
			};
			buildConfigurationList = 1A6CFF08287FF3A500AC8F39 /* Build configuration list for PBXProject "HalalKorea" */;
			compatibilityVersion = "Xcode 13.0";
			developmentRegion = en;
			hasScannedForEncodings = 0;
			knownRegions = (
				en,
				Base,
			);
			mainGroup = 1A6CFF04287FF3A500AC8F39;
			productRefGroup = 1A6CFF0E287FF3A500AC8F39 /* Products */;
			projectDirPath = "";
			projectRoot = "";
			targets = (
				1A6CFF0C287FF3A500AC8F39 /* HalalKorea */,
				1A6CFF22287FF3A500AC8F39 /* HalalKoreaTests */,
				1A6CFF2C287FF3A500AC8F39 /* HalalKoreaUITests */,
			);
		};
/* End PBXProject section */

/* Begin PBXResourcesBuildPhase section */
		1A6CFF0B287FF3A500AC8F39 /* Resources */ = {
			isa = PBXResourcesBuildPhase;
			buildActionMask = 2147483647;
			files = (
				1A5DE38828EAC16B0071A354 /* Colors.xcassets in Resources */,
				1A5DE38E28EAC7CB0071A354 /* swiftgen.yml in Resources */,
				1A5DE38A28EAC17A0071A354 /* Images.xcassets in Resources */,
				1AE2D4CB28E2E876002A7F32 /* Launch Screen.storyboard in Resources */,
				1A6CFF1A287FF3A500AC8F39 /* Assets.xcassets in Resources */,
			);
			runOnlyForDeploymentPostprocessing = 0;
		};
		1A6CFF21287FF3A500AC8F39 /* Resources */ = {
			isa = PBXResourcesBuildPhase;
			buildActionMask = 2147483647;
			files = (
			);
			runOnlyForDeploymentPostprocessing = 0;
		};
		1A6CFF2B287FF3A500AC8F39 /* Resources */ = {
			isa = PBXResourcesBuildPhase;
			buildActionMask = 2147483647;
			files = (
			);
			runOnlyForDeploymentPostprocessing = 0;
		};
/* End PBXResourcesBuildPhase section */

/* Begin PBXShellScriptBuildPhase section */
		07D64CE6353E9BCD384B944F /* [CP] Check Pods Manifest.lock */ = {
			isa = PBXShellScriptBuildPhase;
			buildActionMask = 2147483647;
			files = (
			);
			inputFileListPaths = (
			);
			inputPaths = (
				"${PODS_PODFILE_DIR_PATH}/Podfile.lock",
				"${PODS_ROOT}/Manifest.lock",
			);
			name = "[CP] Check Pods Manifest.lock";
			outputFileListPaths = (
			);
			outputPaths = (
				"$(DERIVED_FILE_DIR)/Pods-HalalKorea-HalalKoreaUITests-checkManifestLockResult.txt",
			);
			runOnlyForDeploymentPostprocessing = 0;
			shellPath = /bin/sh;
			shellScript = "diff \"${PODS_PODFILE_DIR_PATH}/Podfile.lock\" \"${PODS_ROOT}/Manifest.lock\" > /dev/null\nif [ $? != 0 ] ; then\n    # print error to STDERR\n    echo \"error: The sandbox is not in sync with the Podfile.lock. Run 'pod install' or update your CocoaPods installation.\" >&2\n    exit 1\nfi\n# This output is used by Xcode 'outputs' to avoid re-running this script phase.\necho \"SUCCESS\" > \"${SCRIPT_OUTPUT_FILE_0}\"\n";
			showEnvVarsInLog = 0;
		};
		08F3F9F8CC71E4F8410934B1 /* [CP] Check Pods Manifest.lock */ = {
			isa = PBXShellScriptBuildPhase;
			buildActionMask = 2147483647;
			files = (
			);
			inputFileListPaths = (
			);
			inputPaths = (
				"${PODS_PODFILE_DIR_PATH}/Podfile.lock",
				"${PODS_ROOT}/Manifest.lock",
			);
			name = "[CP] Check Pods Manifest.lock";
			outputFileListPaths = (
			);
			outputPaths = (
				"$(DERIVED_FILE_DIR)/Pods-HalalKorea-checkManifestLockResult.txt",
			);
			runOnlyForDeploymentPostprocessing = 0;
			shellPath = /bin/sh;
			shellScript = "diff \"${PODS_PODFILE_DIR_PATH}/Podfile.lock\" \"${PODS_ROOT}/Manifest.lock\" > /dev/null\nif [ $? != 0 ] ; then\n    # print error to STDERR\n    echo \"error: The sandbox is not in sync with the Podfile.lock. Run 'pod install' or update your CocoaPods installation.\" >&2\n    exit 1\nfi\n# This output is used by Xcode 'outputs' to avoid re-running this script phase.\necho \"SUCCESS\" > \"${SCRIPT_OUTPUT_FILE_0}\"\n";
			showEnvVarsInLog = 0;
		};
		1A5DE38628EAC1470071A354 /* SwiftGen */ = {
			isa = PBXShellScriptBuildPhase;
			buildActionMask = 2147483647;
			files = (
			);
			inputFileListPaths = (
			);
			inputPaths = (
			);
			name = SwiftGen;
			outputFileListPaths = (
			);
			outputPaths = (
			);
			runOnlyForDeploymentPostprocessing = 0;
			shellPath = /bin/sh;
			shellScript = "# Type a script or drag a script file from your workspace to insert its path.\nif [[ -f \"${PODS_ROOT}/SwiftGen/bin/swiftgen\" ]]; then\n  \"${PODS_ROOT}/SwiftGen/bin/swiftgen\"\nelse\n  echo \"warning: SwiftGen is not installed. Run 'pod install --repo-update' to install it.\"\nfi\n";
		};
		3E4A974D19A2302FDD2C702D /* [CP] Embed Pods Frameworks */ = {
			isa = PBXShellScriptBuildPhase;
			buildActionMask = 2147483647;
			files = (
			);
			inputFileListPaths = (
				"${PODS_ROOT}/Target Support Files/Pods-HalalKorea-HalalKoreaUITests/Pods-HalalKorea-HalalKoreaUITests-frameworks-${CONFIGURATION}-input-files.xcfilelist",
			);
			name = "[CP] Embed Pods Frameworks";
			outputFileListPaths = (
				"${PODS_ROOT}/Target Support Files/Pods-HalalKorea-HalalKoreaUITests/Pods-HalalKorea-HalalKoreaUITests-frameworks-${CONFIGURATION}-output-files.xcfilelist",
			);
			runOnlyForDeploymentPostprocessing = 0;
			shellPath = /bin/sh;
			shellScript = "\"${PODS_ROOT}/Target Support Files/Pods-HalalKorea-HalalKoreaUITests/Pods-HalalKorea-HalalKoreaUITests-frameworks.sh\"\n";
			showEnvVarsInLog = 0;
		};
		DB028C0678C1E2942B5FB9F8 /* [CP] Check Pods Manifest.lock */ = {
			isa = PBXShellScriptBuildPhase;
			buildActionMask = 2147483647;
			files = (
			);
			inputFileListPaths = (
			);
			inputPaths = (
				"${PODS_PODFILE_DIR_PATH}/Podfile.lock",
				"${PODS_ROOT}/Manifest.lock",
			);
			name = "[CP] Check Pods Manifest.lock";
			outputFileListPaths = (
			);
			outputPaths = (
				"$(DERIVED_FILE_DIR)/Pods-HalalKoreaTests-checkManifestLockResult.txt",
			);
			runOnlyForDeploymentPostprocessing = 0;
			shellPath = /bin/sh;
			shellScript = "diff \"${PODS_PODFILE_DIR_PATH}/Podfile.lock\" \"${PODS_ROOT}/Manifest.lock\" > /dev/null\nif [ $? != 0 ] ; then\n    # print error to STDERR\n    echo \"error: The sandbox is not in sync with the Podfile.lock. Run 'pod install' or update your CocoaPods installation.\" >&2\n    exit 1\nfi\n# This output is used by Xcode 'outputs' to avoid re-running this script phase.\necho \"SUCCESS\" > \"${SCRIPT_OUTPUT_FILE_0}\"\n";
			showEnvVarsInLog = 0;
		};
		F85BEEDA82C1B5CA20A15D9E /* [CP] Embed Pods Frameworks */ = {
			isa = PBXShellScriptBuildPhase;
			buildActionMask = 2147483647;
			files = (
			);
			inputFileListPaths = (
				"${PODS_ROOT}/Target Support Files/Pods-HalalKorea/Pods-HalalKorea-frameworks-${CONFIGURATION}-input-files.xcfilelist",
			);
			name = "[CP] Embed Pods Frameworks";
			outputFileListPaths = (
				"${PODS_ROOT}/Target Support Files/Pods-HalalKorea/Pods-HalalKorea-frameworks-${CONFIGURATION}-output-files.xcfilelist",
			);
			runOnlyForDeploymentPostprocessing = 0;
			shellPath = /bin/sh;
			shellScript = "\"${PODS_ROOT}/Target Support Files/Pods-HalalKorea/Pods-HalalKorea-frameworks.sh\"\n";
			showEnvVarsInLog = 0;
		};
/* End PBXShellScriptBuildPhase section */

/* Begin PBXSourcesBuildPhase section */
		1A6CFF09287FF3A500AC8F39 /* Sources */ = {
			isa = PBXSourcesBuildPhase;
			buildActionMask = 2147483647;
			files = (
				1AFBD5A9289D212800708661 /* KHalalViewController.swift in Sources */,
				B1E5449328F0055300846DD7 /* CustomLabel.swift in Sources */,
				1A66FF9F28EF11AD006506CD /* CustomNavigationView.swift in Sources */,
				1A6CFF15287FF3A500AC8F39 /* HomeViewController.swift in Sources */,
				1AFBD5C4289D8BDF00708661 /* HomeViewModel.swift in Sources */,
				1A6CFF5528800B3E00AC8F39 /* ParseConst.swift in Sources */,
				1A5DC71F2882AC54009CDEFD /* AccommodationModel.swift in Sources */,
				1AE2D4E328E312D3002A7F32 /* KHalalViewModel.swift in Sources */,
				1AFBD5AB289D214900708661 /* QiblaViewController.swift in Sources */,
				1A4D75A928F3F85C00C8C04C /* DetailViewController.swift in Sources */,
				1A6CFF11287FF3A500AC8F39 /* AppDelegate.swift in Sources */,
				1A22CD4828A262A0005F4BC6 /* ObservableType+Extension.swift in Sources */,
				1AE2D4E728E312E1002A7F32 /* LunchBoxViewModel.swift in Sources */,
				1A5DE39F28EDD6440071A354 /* ImageButton.swift in Sources */,
				1A47972928F32E3900CD00A3 /* UIImage+Extension.swift in Sources */,
				1A22CD4628A261C9005F4BC6 /* RxViewController+Extension.swift in Sources */,
				1A4D75AF28F3FEC600C8C04C /* SNSContentCell.swift in Sources */,
				1A6CFF52288006AC00AC8F39 /* ParseService.swift in Sources */,
				1A5DC7212882AEA8009CDEFD /* PFObject+Extension.swift in Sources */,
				1A4D75AD28F3FE3400C8C04C /* ContentCell.swift in Sources */,
				1A5DE39C28EACCE50071A354 /* XCAssets+Generated.swift in Sources */,
				B1E5448C28EFDB7600846DD7 /* AccommodationViewController.swift in Sources */,
				1AFBD5B8289D2F4100708661 /* UIColor+Extention.swift in Sources */,
				1AFBD5AD289D215600708661 /* LunchBoxViewController.swift in Sources */,
				1A6CFF13287FF3A500AC8F39 /* SceneDelegate.swift in Sources */,
				1A4D75AB28F3F86200C8C04C /* DetailViewModel.swift in Sources */,
				B1E5448E28EFDB8500846DD7 /* AccommodationViewModel.swift in Sources */,
				B1E5449128EFDC5400846DD7 /* ListCell.swift in Sources */,
				1A5DC7242882E800009CDEFD /* CompanyIntroduceModel.swift in Sources */,
				1AE2D4E528E312D9002A7F32 /* QiblaViewModel.swift in Sources */,
			);
			runOnlyForDeploymentPostprocessing = 0;
		};
		1A6CFF1F287FF3A500AC8F39 /* Sources */ = {
			isa = PBXSourcesBuildPhase;
			buildActionMask = 2147483647;
			files = (
				1A6CFF28287FF3A500AC8F39 /* HalalKoreaTests.swift in Sources */,
			);
			runOnlyForDeploymentPostprocessing = 0;
		};
		1A6CFF29287FF3A500AC8F39 /* Sources */ = {
			isa = PBXSourcesBuildPhase;
			buildActionMask = 2147483647;
			files = (
				1A6CFF34287FF3A500AC8F39 /* HalalKoreaUITestsLaunchTests.swift in Sources */,
				1A6CFF32287FF3A500AC8F39 /* HalalKoreaUITests.swift in Sources */,
			);
			runOnlyForDeploymentPostprocessing = 0;
		};
/* End PBXSourcesBuildPhase section */

/* Begin PBXTargetDependency section */
		1A6CFF25287FF3A500AC8F39 /* PBXTargetDependency */ = {
			isa = PBXTargetDependency;
			target = 1A6CFF0C287FF3A500AC8F39 /* HalalKorea */;
			targetProxy = 1A6CFF24287FF3A500AC8F39 /* PBXContainerItemProxy */;
		};
		1A6CFF2F287FF3A500AC8F39 /* PBXTargetDependency */ = {
			isa = PBXTargetDependency;
			target = 1A6CFF0C287FF3A500AC8F39 /* HalalKorea */;
			targetProxy = 1A6CFF2E287FF3A500AC8F39 /* PBXContainerItemProxy */;
		};
/* End PBXTargetDependency section */

/* Begin XCBuildConfiguration section */
		1A6CFF35287FF3A500AC8F39 /* Debug */ = {
			isa = XCBuildConfiguration;
			buildSettings = {
				ALWAYS_SEARCH_USER_PATHS = NO;
				CLANG_ANALYZER_NONNULL = YES;
				CLANG_ANALYZER_NUMBER_OBJECT_CONVERSION = YES_AGGRESSIVE;
				CLANG_CXX_LANGUAGE_STANDARD = "gnu++17";
				CLANG_CXX_LIBRARY = "libc++";
				CLANG_ENABLE_MODULES = YES;
				CLANG_ENABLE_OBJC_ARC = YES;
				CLANG_ENABLE_OBJC_WEAK = YES;
				CLANG_WARN_BLOCK_CAPTURE_AUTORELEASING = YES;
				CLANG_WARN_BOOL_CONVERSION = YES;
				CLANG_WARN_COMMA = YES;
				CLANG_WARN_CONSTANT_CONVERSION = YES;
				CLANG_WARN_DEPRECATED_OBJC_IMPLEMENTATIONS = YES;
				CLANG_WARN_DIRECT_OBJC_ISA_USAGE = YES_ERROR;
				CLANG_WARN_DOCUMENTATION_COMMENTS = YES;
				CLANG_WARN_EMPTY_BODY = YES;
				CLANG_WARN_ENUM_CONVERSION = YES;
				CLANG_WARN_INFINITE_RECURSION = YES;
				CLANG_WARN_INT_CONVERSION = YES;
				CLANG_WARN_NON_LITERAL_NULL_CONVERSION = YES;
				CLANG_WARN_OBJC_IMPLICIT_RETAIN_SELF = YES;
				CLANG_WARN_OBJC_LITERAL_CONVERSION = YES;
				CLANG_WARN_OBJC_ROOT_CLASS = YES_ERROR;
				CLANG_WARN_QUOTED_INCLUDE_IN_FRAMEWORK_HEADER = YES;
				CLANG_WARN_RANGE_LOOP_ANALYSIS = YES;
				CLANG_WARN_STRICT_PROTOTYPES = YES;
				CLANG_WARN_SUSPICIOUS_MOVE = YES;
				CLANG_WARN_UNGUARDED_AVAILABILITY = YES_AGGRESSIVE;
				CLANG_WARN_UNREACHABLE_CODE = YES;
				CLANG_WARN__DUPLICATE_METHOD_MATCH = YES;
				COPY_PHASE_STRIP = NO;
				DEBUG_INFORMATION_FORMAT = dwarf;
				ENABLE_STRICT_OBJC_MSGSEND = YES;
				ENABLE_TESTABILITY = YES;
				GCC_C_LANGUAGE_STANDARD = gnu11;
				GCC_DYNAMIC_NO_PIC = NO;
				GCC_NO_COMMON_BLOCKS = YES;
				GCC_OPTIMIZATION_LEVEL = 0;
				GCC_PREPROCESSOR_DEFINITIONS = (
					"DEBUG=1",
					"$(inherited)",
				);
				GCC_WARN_64_TO_32_BIT_CONVERSION = YES;
				GCC_WARN_ABOUT_RETURN_TYPE = YES_ERROR;
				GCC_WARN_UNDECLARED_SELECTOR = YES;
				GCC_WARN_UNINITIALIZED_AUTOS = YES_AGGRESSIVE;
				GCC_WARN_UNUSED_FUNCTION = YES;
				GCC_WARN_UNUSED_VARIABLE = YES;
				IPHONEOS_DEPLOYMENT_TARGET = 15.2;
				MTL_ENABLE_DEBUG_INFO = INCLUDE_SOURCE;
				MTL_FAST_MATH = YES;
				ONLY_ACTIVE_ARCH = YES;
				SDKROOT = iphoneos;
				SWIFT_ACTIVE_COMPILATION_CONDITIONS = DEBUG;
				SWIFT_OPTIMIZATION_LEVEL = "-Onone";
			};
			name = Debug;
		};
		1A6CFF36287FF3A500AC8F39 /* Release */ = {
			isa = XCBuildConfiguration;
			buildSettings = {
				ALWAYS_SEARCH_USER_PATHS = NO;
				CLANG_ANALYZER_NONNULL = YES;
				CLANG_ANALYZER_NUMBER_OBJECT_CONVERSION = YES_AGGRESSIVE;
				CLANG_CXX_LANGUAGE_STANDARD = "gnu++17";
				CLANG_CXX_LIBRARY = "libc++";
				CLANG_ENABLE_MODULES = YES;
				CLANG_ENABLE_OBJC_ARC = YES;
				CLANG_ENABLE_OBJC_WEAK = YES;
				CLANG_WARN_BLOCK_CAPTURE_AUTORELEASING = YES;
				CLANG_WARN_BOOL_CONVERSION = YES;
				CLANG_WARN_COMMA = YES;
				CLANG_WARN_CONSTANT_CONVERSION = YES;
				CLANG_WARN_DEPRECATED_OBJC_IMPLEMENTATIONS = YES;
				CLANG_WARN_DIRECT_OBJC_ISA_USAGE = YES_ERROR;
				CLANG_WARN_DOCUMENTATION_COMMENTS = YES;
				CLANG_WARN_EMPTY_BODY = YES;
				CLANG_WARN_ENUM_CONVERSION = YES;
				CLANG_WARN_INFINITE_RECURSION = YES;
				CLANG_WARN_INT_CONVERSION = YES;
				CLANG_WARN_NON_LITERAL_NULL_CONVERSION = YES;
				CLANG_WARN_OBJC_IMPLICIT_RETAIN_SELF = YES;
				CLANG_WARN_OBJC_LITERAL_CONVERSION = YES;
				CLANG_WARN_OBJC_ROOT_CLASS = YES_ERROR;
				CLANG_WARN_QUOTED_INCLUDE_IN_FRAMEWORK_HEADER = YES;
				CLANG_WARN_RANGE_LOOP_ANALYSIS = YES;
				CLANG_WARN_STRICT_PROTOTYPES = YES;
				CLANG_WARN_SUSPICIOUS_MOVE = YES;
				CLANG_WARN_UNGUARDED_AVAILABILITY = YES_AGGRESSIVE;
				CLANG_WARN_UNREACHABLE_CODE = YES;
				CLANG_WARN__DUPLICATE_METHOD_MATCH = YES;
				COPY_PHASE_STRIP = NO;
				DEBUG_INFORMATION_FORMAT = "dwarf-with-dsym";
				ENABLE_NS_ASSERTIONS = NO;
				ENABLE_STRICT_OBJC_MSGSEND = YES;
				GCC_C_LANGUAGE_STANDARD = gnu11;
				GCC_NO_COMMON_BLOCKS = YES;
				GCC_WARN_64_TO_32_BIT_CONVERSION = YES;
				GCC_WARN_ABOUT_RETURN_TYPE = YES_ERROR;
				GCC_WARN_UNDECLARED_SELECTOR = YES;
				GCC_WARN_UNINITIALIZED_AUTOS = YES_AGGRESSIVE;
				GCC_WARN_UNUSED_FUNCTION = YES;
				GCC_WARN_UNUSED_VARIABLE = YES;
				IPHONEOS_DEPLOYMENT_TARGET = 15.2;
				MTL_ENABLE_DEBUG_INFO = NO;
				MTL_FAST_MATH = YES;
				SDKROOT = iphoneos;
				SWIFT_COMPILATION_MODE = wholemodule;
				SWIFT_OPTIMIZATION_LEVEL = "-O";
				VALIDATE_PRODUCT = YES;
			};
			name = Release;
		};
		1A6CFF38287FF3A500AC8F39 /* Debug */ = {
			isa = XCBuildConfiguration;
			baseConfigurationReference = AA5AF1A173FCB9AEEBBEF6BF /* Pods-HalalKorea.debug.xcconfig */;
			buildSettings = {
				ASSETCATALOG_COMPILER_APPICON_NAME = AppIcon;
				ASSETCATALOG_COMPILER_GLOBAL_ACCENT_COLOR_NAME = AccentColor;
				ASSETCATALOG_COMPILER_INCLUDE_ALL_APPICON_ASSETS = YES;
				CODE_SIGN_STYLE = Automatic;
				CURRENT_PROJECT_VERSION = 1;
				DEVELOPMENT_TEAM = 2RR3J795V3;
				GENERATE_INFOPLIST_FILE = YES;
				INFOPLIST_FILE = HalalKorea/Resources/Info.plist;
				INFOPLIST_KEY_UIApplicationSupportsIndirectInputEvents = YES;
				INFOPLIST_KEY_UILaunchStoryboardName = LaunchScreen;
				INFOPLIST_KEY_UISupportedInterfaceOrientations = UIInterfaceOrientationPortrait;
				INFOPLIST_KEY_UISupportedInterfaceOrientations_iPad = "UIInterfaceOrientationPortrait UIInterfaceOrientationPortraitUpsideDown UIInterfaceOrientationLandscapeLeft UIInterfaceOrientationLandscapeRight";
				INFOPLIST_KEY_UISupportedInterfaceOrientations_iPhone = "UIInterfaceOrientationPortrait UIInterfaceOrientationLandscapeLeft UIInterfaceOrientationLandscapeRight";
				INFOPLIST_KEY_UIUserInterfaceStyle = Light;
				IPHONEOS_DEPLOYMENT_TARGET = 13.0;
				LD_RUNPATH_SEARCH_PATHS = (
					"$(inherited)",
					"@executable_path/Frameworks",
				);
				MARKETING_VERSION = 1.0;
				PRODUCT_BUNDLE_IDENTIFIER = com.james.HalalKorea;
				PRODUCT_NAME = "$(TARGET_NAME)";
				SWIFT_EMIT_LOC_STRINGS = YES;
				SWIFT_VERSION = 5.0;
				TARGETED_DEVICE_FAMILY = 1;
			};
			name = Debug;
		};
		1A6CFF39287FF3A500AC8F39 /* Release */ = {
			isa = XCBuildConfiguration;
			baseConfigurationReference = 483DE6167F495DA410C58C5C /* Pods-HalalKorea.release.xcconfig */;
			buildSettings = {
				ASSETCATALOG_COMPILER_APPICON_NAME = AppIcon;
				ASSETCATALOG_COMPILER_GLOBAL_ACCENT_COLOR_NAME = AccentColor;
				ASSETCATALOG_COMPILER_INCLUDE_ALL_APPICON_ASSETS = YES;
				CODE_SIGN_STYLE = Automatic;
				CURRENT_PROJECT_VERSION = 1;
				DEVELOPMENT_TEAM = 2RR3J795V3;
				GENERATE_INFOPLIST_FILE = YES;
				INFOPLIST_FILE = HalalKorea/Resources/Info.plist;
				INFOPLIST_KEY_UIApplicationSupportsIndirectInputEvents = YES;
				INFOPLIST_KEY_UILaunchStoryboardName = LaunchScreen;
				INFOPLIST_KEY_UISupportedInterfaceOrientations = UIInterfaceOrientationPortrait;
				INFOPLIST_KEY_UISupportedInterfaceOrientations_iPad = "UIInterfaceOrientationPortrait UIInterfaceOrientationPortraitUpsideDown UIInterfaceOrientationLandscapeLeft UIInterfaceOrientationLandscapeRight";
				INFOPLIST_KEY_UISupportedInterfaceOrientations_iPhone = "UIInterfaceOrientationPortrait UIInterfaceOrientationLandscapeLeft UIInterfaceOrientationLandscapeRight";
				INFOPLIST_KEY_UIUserInterfaceStyle = Light;
				IPHONEOS_DEPLOYMENT_TARGET = 13.0;
				LD_RUNPATH_SEARCH_PATHS = (
					"$(inherited)",
					"@executable_path/Frameworks",
				);
				MARKETING_VERSION = 1.0;
				PRODUCT_BUNDLE_IDENTIFIER = com.james.HalalKorea;
				PRODUCT_NAME = "$(TARGET_NAME)";
				SWIFT_EMIT_LOC_STRINGS = YES;
				SWIFT_VERSION = 5.0;
				TARGETED_DEVICE_FAMILY = 1;
			};
			name = Release;
		};
		1A6CFF3B287FF3A500AC8F39 /* Debug */ = {
			isa = XCBuildConfiguration;
			baseConfigurationReference = 61C0F1E376F607086AFB7EE1 /* Pods-HalalKoreaTests.debug.xcconfig */;
			buildSettings = {
				ALWAYS_EMBED_SWIFT_STANDARD_LIBRARIES = YES;
				BUNDLE_LOADER = "$(TEST_HOST)";
				CODE_SIGN_STYLE = Automatic;
				CURRENT_PROJECT_VERSION = 1;
				DEVELOPMENT_TEAM = 2RR3J795V3;
				GENERATE_INFOPLIST_FILE = YES;
				IPHONEOS_DEPLOYMENT_TARGET = 15.2;
				MARKETING_VERSION = 1.0;
				PRODUCT_BUNDLE_IDENTIFIER = com.james.HalalKoreaTests;
				PRODUCT_NAME = "$(TARGET_NAME)";
				SWIFT_EMIT_LOC_STRINGS = NO;
				SWIFT_VERSION = 5.0;
				TARGETED_DEVICE_FAMILY = "1,2";
				TEST_HOST = "$(BUILT_PRODUCTS_DIR)/HalalKorea.app/HalalKorea";
			};
			name = Debug;
		};
		1A6CFF3C287FF3A500AC8F39 /* Release */ = {
			isa = XCBuildConfiguration;
			baseConfigurationReference = 1555938E01142A262DB5DBBB /* Pods-HalalKoreaTests.release.xcconfig */;
			buildSettings = {
				ALWAYS_EMBED_SWIFT_STANDARD_LIBRARIES = YES;
				BUNDLE_LOADER = "$(TEST_HOST)";
				CODE_SIGN_STYLE = Automatic;
				CURRENT_PROJECT_VERSION = 1;
				DEVELOPMENT_TEAM = 2RR3J795V3;
				GENERATE_INFOPLIST_FILE = YES;
				IPHONEOS_DEPLOYMENT_TARGET = 15.2;
				MARKETING_VERSION = 1.0;
				PRODUCT_BUNDLE_IDENTIFIER = com.james.HalalKoreaTests;
				PRODUCT_NAME = "$(TARGET_NAME)";
				SWIFT_EMIT_LOC_STRINGS = NO;
				SWIFT_VERSION = 5.0;
				TARGETED_DEVICE_FAMILY = "1,2";
				TEST_HOST = "$(BUILT_PRODUCTS_DIR)/HalalKorea.app/HalalKorea";
			};
			name = Release;
		};
		1A6CFF3E287FF3A500AC8F39 /* Debug */ = {
			isa = XCBuildConfiguration;
			baseConfigurationReference = CB73BAD5E3EDAAF11C45C6EE /* Pods-HalalKorea-HalalKoreaUITests.debug.xcconfig */;
			buildSettings = {
				ALWAYS_EMBED_SWIFT_STANDARD_LIBRARIES = YES;
				CODE_SIGN_STYLE = Automatic;
				CURRENT_PROJECT_VERSION = 1;
				DEVELOPMENT_TEAM = 2RR3J795V3;
				GENERATE_INFOPLIST_FILE = YES;
				MARKETING_VERSION = 1.0;
				PRODUCT_BUNDLE_IDENTIFIER = com.james.HalalKoreaUITests;
				PRODUCT_NAME = "$(TARGET_NAME)";
				SWIFT_EMIT_LOC_STRINGS = NO;
				SWIFT_VERSION = 5.0;
				TARGETED_DEVICE_FAMILY = "1,2";
				TEST_TARGET_NAME = HalalKorea;
			};
			name = Debug;
		};
		1A6CFF3F287FF3A500AC8F39 /* Release */ = {
			isa = XCBuildConfiguration;
			baseConfigurationReference = 4C934A00FF662E687FBE5579 /* Pods-HalalKorea-HalalKoreaUITests.release.xcconfig */;
			buildSettings = {
				ALWAYS_EMBED_SWIFT_STANDARD_LIBRARIES = YES;
				CODE_SIGN_STYLE = Automatic;
				CURRENT_PROJECT_VERSION = 1;
				DEVELOPMENT_TEAM = 2RR3J795V3;
				GENERATE_INFOPLIST_FILE = YES;
				MARKETING_VERSION = 1.0;
				PRODUCT_BUNDLE_IDENTIFIER = com.james.HalalKoreaUITests;
				PRODUCT_NAME = "$(TARGET_NAME)";
				SWIFT_EMIT_LOC_STRINGS = NO;
				SWIFT_VERSION = 5.0;
				TARGETED_DEVICE_FAMILY = "1,2";
				TEST_TARGET_NAME = HalalKorea;
			};
			name = Release;
		};
/* End XCBuildConfiguration section */

/* Begin XCConfigurationList section */
		1A6CFF08287FF3A500AC8F39 /* Build configuration list for PBXProject "HalalKorea" */ = {
			isa = XCConfigurationList;
			buildConfigurations = (
				1A6CFF35287FF3A500AC8F39 /* Debug */,
				1A6CFF36287FF3A500AC8F39 /* Release */,
			);
			defaultConfigurationIsVisible = 0;
			defaultConfigurationName = Release;
		};
		1A6CFF37287FF3A500AC8F39 /* Build configuration list for PBXNativeTarget "HalalKorea" */ = {
			isa = XCConfigurationList;
			buildConfigurations = (
				1A6CFF38287FF3A500AC8F39 /* Debug */,
				1A6CFF39287FF3A500AC8F39 /* Release */,
			);
			defaultConfigurationIsVisible = 0;
			defaultConfigurationName = Release;
		};
		1A6CFF3A287FF3A500AC8F39 /* Build configuration list for PBXNativeTarget "HalalKoreaTests" */ = {
			isa = XCConfigurationList;
			buildConfigurations = (
				1A6CFF3B287FF3A500AC8F39 /* Debug */,
				1A6CFF3C287FF3A500AC8F39 /* Release */,
			);
			defaultConfigurationIsVisible = 0;
			defaultConfigurationName = Release;
		};
		1A6CFF3D287FF3A500AC8F39 /* Build configuration list for PBXNativeTarget "HalalKoreaUITests" */ = {
			isa = XCConfigurationList;
			buildConfigurations = (
				1A6CFF3E287FF3A500AC8F39 /* Debug */,
				1A6CFF3F287FF3A500AC8F39 /* Release */,
			);
			defaultConfigurationIsVisible = 0;
			defaultConfigurationName = Release;
		};
/* End XCConfigurationList section */
	};
	rootObject = 1A6CFF05287FF3A500AC8F39 /* Project object */;
}
